lockfileVersion: '9.0'

settings:
  autoInstallPeers: true
  excludeLinksFromLockfile: false

importers:

  .:
    dependencies:
      '@popperjs/core':
        specifier: ^2.11.8
        version: 2.11.8
      '@twemoji/api':
        specifier: ^15.1.0
        version: 15.1.0
      bootstrap:
        specifier: ^5.3.3
        version: 5.3.3(@popperjs/core@2.11.8)
      clipboard:
        specifier: ^2.0.11
        version: 2.0.11
      jquery:
        specifier: ^3.7.1
        version: 3.7.1
      simple-icons:
        specifier: ^13.21.0
        version: 13.21.0

packages:

  '@popperjs/core@2.11.8':
    resolution: {integrity: sha512-P1st0aksCrn9sGZhp8GMYwBnQsbvAWsZAX44oXNNvLHGqAOcoVxmjZiohstwQ7SqKnbR47akdNi+uleWD8+g6A==}

  '@twemoji/api@15.1.0':
    resolution: {integrity: sha512-CySXR4/e6vY0z9lC2tW9EVjsH6zzz2/LQvLRMwwpHsDI4xcaweSIP+LcESf1Mq7w2/zcrrhG4ozniMvpSsEXag==}

  '@twemoji/parser@15.1.0':
    resolution: {integrity: sha512-3HTiSxPvkWUJ4kZeCvwyKlIwkpTUfBOk6igpBBRQni58ceQMv5YK4smkc8vX/eqOlMMNER/9qobv+Q6Q8LVrqA==}

  bootstrap@5.3.3:
    resolution: {integrity: sha512-8HLCdWgyoMguSO9o+aH+iuZ+aht+mzW0u3HIMzVu7Srrpv7EBBxTnrFlSCskwdY1+EOFQSm7uMJhNQHkdPcmjg==}
    peerDependencies:
      '@popperjs/core': ^2.11.8

  clipboard@2.0.11:
    resolution: {integrity: sha512-C+0bbOqkezLIsmWSvlsXS0Q0bmkugu7jcfMIACB+RDEntIzQIkdr148we28AfSloQLRdZlYL/QYyrq05j/3Faw==}

  delegate@3.2.0:
    resolution: {integrity: sha512-IofjkYBZaZivn0V8nnsMJGBr4jVLxHDheKSW88PyxS5QC4Vo9ZbZVvhzlSxY87fVq3STR6r+4cGepyHkcWOQSw==}

  fs-extra@8.1.0:
    resolution: {integrity: sha512-yhlQgA6mnOJUKOsRUFsgJdQCvkKhcz8tlZG5HBQfReYZy46OwLcY+Zia0mtdHsOo9y/hP+CxMN0TU9QxoOtG4g==}
    engines: {node: '>=6 <7 || >=8'}

  good-listener@1.2.2:
    resolution: {integrity: sha512-goW1b+d9q/HIwbVYZzZ6SsTr4IgE+WA44A0GmPIQstuOrgsFcT7VEJ48nmr9GaRtNu0XTKacFLGnBPAM6Afouw==}

  graceful-fs@4.2.11:
    resolution: {integrity: sha512-RbJ5/jmFcNNCcDV5o9eTnBLJ/HszWV0P73bc+Ff4nS/rJj+YaS6IGyiOL0VoBYX+l1Wrl3k63h/KrH+nhJ0XvQ==}

  jquery@3.7.1:
    resolution: {integrity: sha512-m4avr8yL8kmFN8psrbFFFmB/If14iN5o9nw/NgnnM+kybDJpRsAynV2BsfpTYrTRysYUdADVD7CkUUizgkpLfg==}

  jsonfile@4.0.0:
    resolution: {integrity: sha512-m6F1R3z8jjlf2imQHS2Qez5sjKWQzbuuhuJ/FKYFRZvPE3PuHcSMVZzfsLhGVOkfd20obL5SWEBew5ShlquNxg==}

  jsonfile@5.0.0:
    resolution: {integrity: sha512-NQRZ5CRo74MhMMC3/3r5g2k4fjodJ/wh8MxjFbCViWKFjxrnudWSY5vomh+23ZaXzAS7J3fBZIR2dV6WbmfM0w==}

  select@1.1.2:
    resolution: {integrity: sha512-OwpTSOfy6xSs1+pwcNrv0RBMOzI39Lp3qQKUTPVVPRjCdNa5JH/oPRiqsesIskK8TVgmRiHwO4KXlV2Li9dANA==}

  simple-icons@13.21.0:
    resolution: {integrity: sha512-LI5pVJPBv6oc79OMsffwb6kEqnmB8P1Cjg1crNUlhsxPETQ5UzbCKQdxU+7MW6+DD1qfPkla/vSKlLD4IfyXpQ==}
    engines: {node: '>=0.12.18'}

  tiny-emitter@2.1.0:
    resolution: {integrity: sha512-NB6Dk1A9xgQPMoGqC5CVXn123gWyte215ONT5Pp5a0yt4nlEoO1ZWeCwpncaekPHXO60i47ihFnZPiRPjRMq4Q==}

  universalify@0.1.2:
    resolution: {integrity: sha512-rBJeI5CXAlmy1pV+617WB9J63U6XcazHHF2f2dbJix4XzpUF0RS3Zbj0FGIOCAva5P/d/GBOYaACQ1w+0azUkg==}
    engines: {node: '>= 4.0.0'}

snapshots:

  '@popperjs/core@2.11.8': {}

  '@twemoji/api@15.1.0':
    dependencies:
      '@twemoji/parser': 15.1.0
      fs-extra: 8.1.0
      jsonfile: 5.0.0
      universalify: 0.1.2

  '@twemoji/parser@15.1.0': {}

  bootstrap@5.3.3(@popperjs/core@2.11.8):
    dependencies:
      '@popperjs/core': 2.11.8

  clipboard@2.0.11:
    dependencies:
      good-listener: 1.2.2
      select: 1.1.2
      tiny-emitter: 2.1.0

  delegate@3.2.0: {}

  fs-extra@8.1.0:
    dependencies:
      graceful-fs: 4.2.11
      jsonfile: 4.0.0
      universalify: 0.1.2

  good-listener@1.2.2:
    dependencies:
      delegate: 3.2.0

  graceful-fs@4.2.11: {}

  jquery@3.7.1: {}

  jsonfile@4.0.0:
    optionalDependencies:
      graceful-fs: 4.2.11

  jsonfile@5.0.0:
    dependencies:
      universalify: 0.1.2
    optionalDependencies:
      graceful-fs: 4.2.11

  select@1.1.2: {}

  simple-icons@13.21.0: {}

  tiny-emitter@2.1.0: {}

  universalify@0.1.2: {}
