lockfileVersion: '6.0'

settings:
  autoInstallPeers: true
  excludeLinksFromLockfile: false

dependencies:
  '@popperjs/core':
    specifier: ^2.11.8
    version: 2.11.8
  bootstrap:
    specifier: ^5.3.3
    version: 5.3.3(@popperjs/core@2.11.8)
  clipboard:
    specifier: ^2.0.11
    version: 2.0.11
  jquery:
    specifier: ^3.7.1
    version: 3.7.1
  simple-icons:
    specifier: ^11.12.0
    version: 11.12.0
  twemoji:
    specifier: ^14.0.2
    version: 14.0.2
  twemoji-git:
    specifier: twitter/twemoji
    version: github.com/twitter/twemoji/d94f4cf793e6d5ca592aa00f58a88f6a4229ad43

packages:

  /@popperjs/core@2.11.8:
    resolution: {integrity: sha512-P1st0aksCrn9sGZhp8GMYwBnQsbvAWsZAX44oXNNvLHGqAOcoVxmjZiohstwQ7SqKnbR47akdNi+uleWD8+g6A==}
    dev: false

  /bootstrap@5.3.3(@popperjs/core@2.11.8):
    resolution: {integrity: sha512-8HLCdWgyoMguSO9o+aH+iuZ+aht+mzW0u3HIMzVu7Srrpv7EBBxTnrFlSCskwdY1+EOFQSm7uMJhNQHkdPcmjg==}
    peerDependencies:
      '@popperjs/core': ^2.11.8
    dependencies:
      '@popperjs/core': 2.11.8
    dev: false

  /clipboard@2.0.11:
    resolution: {integrity: sha512-C+0bbOqkezLIsmWSvlsXS0Q0bmkugu7jcfMIACB+RDEntIzQIkdr148we28AfSloQLRdZlYL/QYyrq05j/3Faw==}
    dependencies:
      good-listener: 1.2.2
      select: 1.1.2
      tiny-emitter: 2.1.0
    dev: false

  /delegate@3.2.0:
    resolution: {integrity: sha512-IofjkYBZaZivn0V8nnsMJGBr4jVLxHDheKSW88PyxS5QC4Vo9ZbZVvhzlSxY87fVq3STR6r+4cGepyHkcWOQSw==}
    dev: false

  /fs-extra@8.1.0:
    resolution: {integrity: sha512-yhlQgA6mnOJUKOsRUFsgJdQCvkKhcz8tlZG5HBQfReYZy46OwLcY+Zia0mtdHsOo9y/hP+CxMN0TU9QxoOtG4g==}
    engines: {node: '>=6 <7 || >=8'}
    dependencies:
      graceful-fs: 4.2.11
      jsonfile: 4.0.0
      universalify: 0.1.2
    dev: false

  /good-listener@1.2.2:
    resolution: {integrity: sha512-goW1b+d9q/HIwbVYZzZ6SsTr4IgE+WA44A0GmPIQstuOrgsFcT7VEJ48nmr9GaRtNu0XTKacFLGnBPAM6Afouw==}
    dependencies:
      delegate: 3.2.0
    dev: false

  /graceful-fs@4.2.11:
    resolution: {integrity: sha512-RbJ5/jmFcNNCcDV5o9eTnBLJ/HszWV0P73bc+Ff4nS/rJj+YaS6IGyiOL0VoBYX+l1Wrl3k63h/KrH+nhJ0XvQ==}
    dev: false

  /jquery@3.7.1:
    resolution: {integrity: sha512-m4avr8yL8kmFN8psrbFFFmB/If14iN5o9nw/NgnnM+kybDJpRsAynV2BsfpTYrTRysYUdADVD7CkUUizgkpLfg==}
    dev: false

  /jsonfile@4.0.0:
    resolution: {integrity: sha512-m6F1R3z8jjlf2imQHS2Qez5sjKWQzbuuhuJ/FKYFRZvPE3PuHcSMVZzfsLhGVOkfd20obL5SWEBew5ShlquNxg==}
    optionalDependencies:
      graceful-fs: 4.2.11
    dev: false

  /jsonfile@5.0.0:
    resolution: {integrity: sha512-NQRZ5CRo74MhMMC3/3r5g2k4fjodJ/wh8MxjFbCViWKFjxrnudWSY5vomh+23ZaXzAS7J3fBZIR2dV6WbmfM0w==}
    dependencies:
      universalify: 0.1.2
    optionalDependencies:
      graceful-fs: 4.2.11
    dev: false

  /select@1.1.2:
    resolution: {integrity: sha512-OwpTSOfy6xSs1+pwcNrv0RBMOzI39Lp3qQKUTPVVPRjCdNa5JH/oPRiqsesIskK8TVgmRiHwO4KXlV2Li9dANA==}
    dev: false

  /simple-icons@11.12.0:
    resolution: {integrity: sha512-atQCGhobuIrxTd4rDGYCip/OZwIW4FYX3PRt4BXAZcbIW71hktvX4sF620T2QJyQsNLAYo3QpiHh8ey2IseA/g==}
    engines: {node: '>=0.12.18'}
    dev: false

  /tiny-emitter@2.1.0:
    resolution: {integrity: sha512-NB6Dk1A9xgQPMoGqC5CVXn123gWyte215ONT5Pp5a0yt4nlEoO1ZWeCwpncaekPHXO60i47ihFnZPiRPjRMq4Q==}
    dev: false

  /twemoji-parser@14.0.0:
    resolution: {integrity: sha512-9DUOTGLOWs0pFWnh1p6NF+C3CkQ96PWmEFwhOVmT3WbecRC+68AIqpsnJXygfkFcp4aXbOp8Dwbhh/HQgvoRxA==}
    dev: false

  /twemoji@14.0.2:
    resolution: {integrity: sha512-BzOoXIe1QVdmsUmZ54xbEH+8AgtOKUiG53zO5vVP2iUu6h5u9lN15NcuS6te4OY96qx0H7JK9vjjl9WQbkTRuA==}
    dependencies:
      fs-extra: 8.1.0
      jsonfile: 5.0.0
      twemoji-parser: 14.0.0
      universalify: 0.1.2
    dev: false

  /universalify@0.1.2:
    resolution: {integrity: sha512-rBJeI5CXAlmy1pV+617WB9J63U6XcazHHF2f2dbJix4XzpUF0RS3Zbj0FGIOCAva5P/d/GBOYaACQ1w+0azUkg==}
    engines: {node: '>= 4.0.0'}
    dev: false

  github.com/twitter/twemoji/d94f4cf793e6d5ca592aa00f58a88f6a4229ad43:
    resolution: {tarball: https://codeload.github.com/twitter/twemoji/tar.gz/d94f4cf793e6d5ca592aa00f58a88f6a4229ad43}
    name: twemoji
    version: 14.0.2
    dependencies:
      fs-extra: 8.1.0
      jsonfile: 5.0.0
      twemoji-parser: 14.0.0
      universalify: 0.1.2
    dev: false
